
Microsoft Visual Studio Solution File, Format Version 12.00
# Visual Studio 15
Project("{FAE04EC0-301F-11D3-BF4B-00C04F79EFBC}") = "Assembly-CSharp", "Assembly-CSharp.csproj", "{468C99A1-764E-91A9-5C61-9E89FA487501}"
EndProject
Project("{FAE04EC0-301F-11D3-BF4B-00C04F79EFBC}") = "Assembly-CSharp-firstpass", "Assembly-CSharp-firstpass.csproj", "{99BC00AC-AE94-091D-CFE5-8E5A3091394B}"
EndProject
Project("{FAE04EC0-301F-11D3-BF4B-00C04F79EFBC}") = "AstarPathfindingProject", "AstarPathfindingProject.csproj", "{18C6BDDD-D00B-DD0C-3D1E-1FB1546E9910}"
EndProject
Project("{FAE04EC0-301F-11D3-BF4B-00C04F79EFBC}") = "Assembly-CSharp-Editor-firstpass", "Assembly-CSharp-Editor-firstpass.csproj", "{84693711-DEE8-19FA-6B5C-05CDF1283257}"
EndProject
Project("{FAE04EC0-301F-11D3-BF4B-00C04F79EFBC}") = "AstarPathfindingProjectEditor", "AstarPathfindingProjectEditor.csproj", "{2CDFA8EE-4CAA-F2D9-68E6-20DE1D12693A}"
EndProject
Project("{FAE04EC0-301F-11D3-BF4B-00C04F79EFBC}") = "PackageToolsEditor", "PackageToolsEditor.csproj", "{66887C74-AF43-A96B-6FC1-73B6EC7F0A55}"
EndProject
Global
	GlobalSection(SolutionConfigurationPlatforms) = preSolution
		Debug|Any CPU = Debug|Any CPU
		Release|Any CPU = Release|Any CPU
	EndGlobalSection
	GlobalSection(ProjectConfigurationPlatforms) = postSolution
		{468C99A1-764E-91A9-5C61-9E89FA487501}.Debug|Any CPU.ActiveCfg = Debug|Any CPU
		{468C99A1-764E-91A9-5C61-9E89FA487501}.Debug|Any CPU.Build.0 = Debug|Any CPU
		{468C99A1-764E-91A9-5C61-9E89FA487501}.Release|Any CPU.ActiveCfg = Release|Any CPU
		{468C99A1-764E-91A9-5C61-9E89FA487501}.Release|Any CPU.Build.0 = Release|Any CPU
		{99BC00AC-AE94-091D-CFE5-8E5A3091394B}.Debug|Any CPU.ActiveCfg = Debug|Any CPU
		{99BC00AC-AE94-091D-CFE5-8E5A3091394B}.Debug|Any CPU.Build.0 = Debug|Any CPU
		{99BC00AC-AE94-091D-CFE5-8E5A3091394B}.Release|Any CPU.ActiveCfg = Release|Any CPU
		{99BC00AC-AE94-091D-CFE5-8E5A3091394B}.Release|Any CPU.Build.0 = Release|Any CPU
		{18C6BDDD-D00B-DD0C-3D1E-1FB1546E9910}.Debug|Any CPU.ActiveCfg = Debug|Any CPU
		{18C6BDDD-D00B-DD0C-3D1E-1FB1546E9910}.Debug|Any CPU.Build.0 = Debug|Any CPU
		{18C6BDDD-D00B-DD0C-3D1E-1FB1546E9910}.Release|Any CPU.ActiveCfg = Release|Any CPU
		{18C6BDDD-D00B-DD0C-3D1E-1FB1546E9910}.Release|Any CPU.Build.0 = Release|Any CPU
		{84693711-DEE8-19FA-6B5C-05CDF1283257}.Debug|Any CPU.ActiveCfg = Debug|Any CPU
		{84693711-DEE8-19FA-6B5C-05CDF1283257}.Debug|Any CPU.Build.0 = Debug|Any CPU
		{84693711-DEE8-19FA-6B5C-05CDF1283257}.Release|Any CPU.ActiveCfg = Release|Any CPU
		{84693711-DEE8-19FA-6B5C-05CDF1283257}.Release|Any CPU.Build.0 = Release|Any CPU
		{2CDFA8EE-4CAA-F2D9-68E6-20DE1D12693A}.Debug|Any CPU.ActiveCfg = Debug|Any CPU
		{2CDFA8EE-4CAA-F2D9-68E6-20DE1D12693A}.Debug|Any CPU.Build.0 = Debug|Any CPU
		{2CDFA8EE-4CAA-F2D9-68E6-20DE1D12693A}.Release|Any CPU.ActiveCfg = Release|Any CPU
		{2CDFA8EE-4CAA-F2D9-68E6-20DE1D12693A}.Release|Any CPU.Build.0 = Release|Any CPU
		{66887C74-AF43-A96B-6FC1-73B6EC7F0A55}.Debug|Any CPU.ActiveCfg = Debug|Any CPU
		{66887C74-AF43-A96B-6FC1-73B6EC7F0A55}.Debug|Any CPU.Build.0 = Debug|Any CPU
		{66887C74-AF43-A96B-6FC1-73B6EC7F0A55}.Release|Any CPU.ActiveCfg = Release|Any CPU
		{66887C74-AF43-A96B-6FC1-73B6EC7F0A55}.Release|Any CPU.Build.0 = Release|Any CPU
	EndGlobalSection
	GlobalSection(SolutionProperties) = preSolution
		HideSolutionNode = FALSE
	EndGlobalSection
	GlobalSection(MonoDevelopProperties) = preSolution
		StartupItem = Assembly-CSharp.csproj
	EndGlobalSection
EndGlobal
